// !$*UTF8*$!
{
	archiveVersion = 1;
	classes = {
	};
	objectVersion = 77;
	objects = {

/* Begin PBXBuildFile section */
		6956BA6D035FB7B8FB029B1A /* Pods_PinjamanAman.framework in Frameworks */ = {isa = PBXBuildFile; fileRef = 0229E1368D454196FD70C185 /* Pods_PinjamanAman.framework */; };
		7319D6262F39A64600F24B7D /* Assets.xcassets in Resources */ = {isa = PBXBuildFile; fileRef = 7319D61D2F39A64600F24B7D /* Assets.xcassets */; };
		7319D6282F39A64600F24B7D /* LaunchScreen.storyboard in Resources */ = {isa = PBXBuildFile; fileRef = 7319D6202F39A64600F24B7D /* LaunchScreen.storyboard */; };
		7319D62A2F39A64600F24B7D /* AppDelegate.swift in Sources */ = {isa = PBXBuildFile; fileRef = 7319D61C2F39A64600F24B7D /* AppDelegate.swift */; };
		7319D6372F39A88800F24B7D /* BaseViewController.swift in Sources */ = {isa = PBXBuildFile; fileRef = 7319D6362F39A88800F24B7D /* BaseViewController.swift */; };
		7319D6392F39A89300F24B7D /* BaseView.swift in Sources */ = {isa = PBXBuildFile; fileRef = 7319D6382F39A89300F24B7D /* BaseView.swift */; };
		7319D63B2F39A8A700F24B7D /* BaseTabBarController.swift in Sources */ = {isa = PBXBuildFile; fileRef = 7319D63A2F39A8A700F24B7D /* BaseTabBarController.swift */; };
		7319D63D2F39A8BD00F24B7D /* BaseNavigationController.swift in Sources */ = {isa = PBXBuildFile; fileRef = 7319D63C2F39A8BD00F24B7D /* BaseNavigationController.swift */; };
		7319D63F2F39AB7A00F24B7D /* LaunchViewController.swift in Sources */ = {isa = PBXBuildFile; fileRef = 7319D63E2F39AB7A00F24B7D /* LaunchViewController.swift */; };
		7319D6412F39ABFD00F24B7D /* NetworkMonitor.swift in Sources */ = {isa = PBXBuildFile; fileRef = 7319D6402F39ABFD00F24B7D /* NetworkMonitor.swift */; };
		7319D6432F39AE2E00F24B7D /* UserSessionManager.swift in Sources */ = {isa = PBXBuildFile; fileRef = 7319D6422F39AE2E00F24B7D /* UserSessionManager.swift */; };
		7319D6452F39AEE100F24B7D /* HomeViewController.swift in Sources */ = {isa = PBXBuildFile; fileRef = 7319D6442F39AEE100F24B7D /* HomeViewController.swift */; };
		7319D6472F39AEE800F24B7D /* OrderViewController.swift in Sources */ = {isa = PBXBuildFile; fileRef = 7319D6462F39AEE800F24B7D /* OrderViewController.swift */; };
		7319D6492F39AEF000F24B7D /* CenterViewController.swift in Sources */ = {isa = PBXBuildFile; fileRef = 7319D6482F39AEF000F24B7D /* CenterViewController.swift */; };
		7319D64B2F39AF0000F24B7D /* ProductStepListViewController.swift in Sources */ = {isa = PBXBuildFile; fileRef = 7319D64A2F39AF0000F24B7D /* ProductStepListViewController.swift */; };
		7319D64D2F39B14D00F24B7D /* AppIdentifierManager.swift in Sources */ = {isa = PBXBuildFile; fileRef = 7319D64C2F39B14D00F24B7D /* AppIdentifierManager.swift */; };
		7319D64F2F39B29A00F24B7D /* DeviceInfoManager.swift in Sources */ = {isa = PBXBuildFile; fileRef = 7319D64E2F39B29A00F24B7D /* DeviceInfoManager.swift */; };
/* End PBXBuildFile section */

/* Begin PBXFileReference section */
		0229E1368D454196FD70C185 /* Pods_PinjamanAman.framework */ = {isa = PBXFileReference; explicitFileType = wrapper.framework; includeInIndex = 0; path = Pods_PinjamanAman.framework; sourceTree = BUILT_PRODUCTS_DIR; };
		470B9E7212CEB147057F4865 /* Pods-PinjamanAman.debug.xcconfig */ = {isa = PBXFileReference; includeInIndex = 1; lastKnownFileType = text.xcconfig; name = "Pods-PinjamanAman.debug.xcconfig"; path = "Target Support Files/Pods-PinjamanAman/Pods-PinjamanAman.debug.xcconfig"; sourceTree = "<group>"; };
		7319D6042F39A64000F24B7D /* PinjamanAman.app */ = {isa = PBXFileReference; explicitFileType = wrapper.application; includeInIndex = 0; path = PinjamanAman.app; sourceTree = BUILT_PRODUCTS_DIR; };
		7319D61C2F39A64600F24B7D /* AppDelegate.swift */ = {isa = PBXFileReference; lastKnownFileType = sourcecode.swift; path = AppDelegate.swift; sourceTree = "<group>"; };
		7319D61D2F39A64600F24B7D /* Assets.xcassets */ = {isa = PBXFileReference; lastKnownFileType = folder.assetcatalog; path = Assets.xcassets; sourceTree = "<group>"; };
		7319D61E2F39A64600F24B7D /* Info.plist */ = {isa = PBXFileReference; lastKnownFileType = text.plist.xml; path = Info.plist; sourceTree = "<group>"; };
		7319D61F2F39A64600F24B7D /* Base */ = {isa = PBXFileReference; lastKnownFileType = file.storyboard; name = Base; path = Base.lproj/LaunchScreen.storyboard; sourceTree = "<group>"; };
		7319D62D2F39A67800F24B7D /* PinjamanAman.entitlements */ = {isa = PBXFileReference; lastKnownFileType = text.plist.entitlements; path = PinjamanAman.entitlements; sourceTree = "<group>"; };
		7319D6362F39A88800F24B7D /* BaseViewController.swift */ = {isa = PBXFileReference; lastKnownFileType = sourcecode.swift; path = BaseViewController.swift; sourceTree = "<group>"; };
		7319D6382F39A89300F24B7D /* BaseView.swift */ = {isa = PBXFileReference; lastKnownFileType = sourcecode.swift; path = BaseView.swift; sourceTree = "<group>"; };
		7319D63A2F39A8A700F24B7D /* BaseTabBarController.swift */ = {isa = PBXFileReference; lastKnownFileType = sourcecode.swift; path = BaseTabBarController.swift; sourceTree = "<group>"; };
		7319D63C2F39A8BD00F24B7D /* BaseNavigationController.swift */ = {isa = PBXFileReference; lastKnownFileType = sourcecode.swift; path = BaseNavigationController.swift; sourceTree = "<group>"; };
		7319D63E2F39AB7A00F24B7D /* LaunchViewController.swift */ = {isa = PBXFileReference; lastKnownFileType = sourcecode.swift; path = LaunchViewController.swift; sourceTree = "<group>"; };
		7319D6402F39ABFD00F24B7D /* NetworkMonitor.swift */ = {isa = PBXFileReference; lastKnownFileType = sourcecode.swift; path = NetworkMonitor.swift; sourceTree = "<group>"; };
		7319D6422F39AE2E00F24B7D /* UserSessionManager.swift */ = {isa = PBXFileReference; lastKnownFileType = sourcecode.swift; path = UserSessionManager.swift; sourceTree = "<group>"; };
		7319D6442F39AEE100F24B7D /* HomeViewController.swift */ = {isa = PBXFileReference; lastKnownFileType = sourcecode.swift; path = HomeViewController.swift; sourceTree = "<group>"; };
		7319D6462F39AEE800F24B7D /* OrderViewController.swift */ = {isa = PBXFileReference; lastKnownFileType = sourcecode.swift; path = OrderViewController.swift; sourceTree = "<group>"; };
		7319D6482F39AEF000F24B7D /* CenterViewController.swift */ = {isa = PBXFileReference; lastKnownFileType = sourcecode.swift; path = CenterViewController.swift; sourceTree = "<group>"; };
		7319D64A2F39AF0000F24B7D /* ProductStepListViewController.swift */ = {isa = PBXFileReference; lastKnownFileType = sourcecode.swift; path = ProductStepListViewController.swift; sourceTree = "<group>"; };
		7319D64C2F39B14D00F24B7D /* AppIdentifierManager.swift */ = {isa = PBXFileReference; lastKnownFileType = sourcecode.swift; path = AppIdentifierManager.swift; sourceTree = "<group>"; };
		7319D64E2F39B29A00F24B7D /* DeviceInfoManager.swift */ = {isa = PBXFileReference; lastKnownFileType = sourcecode.swift; path = DeviceInfoManager.swift; sourceTree = "<group>"; };
		77299401F1B7668CAE65FE5C /* Pods-PinjamanAman.release.xcconfig */ = {isa = PBXFileReference; includeInIndex = 1; lastKnownFileType = text.xcconfig; name = "Pods-PinjamanAman.release.xcconfig"; path = "Target Support Files/Pods-PinjamanAman/Pods-PinjamanAman.release.xcconfig"; sourceTree = "<group>"; };
/* End PBXFileReference section */

/* Begin PBXFrameworksBuildPhase section */
		7319D6012F39A64000F24B7D /* Frameworks */ = {
			isa = PBXFrameworksBuildPhase;
			buildActionMask = 2147483647;
			files = (
				6956BA6D035FB7B8FB029B1A /* Pods_PinjamanAman.framework in Frameworks */,
			);
			runOnlyForDeploymentPostprocessing = 0;
		};
/* End PBXFrameworksBuildPhase section */

/* Begin PBXGroup section */
		7319D5FB2F39A64000F24B7D = {
			isa = PBXGroup;
			children = (
				7319D6252F39A64600F24B7D /* PinjamanAman */,
				7319D6052F39A64000F24B7D /* Products */,
				FC6ABEC17273B9D4EA1F7530 /* Pods */,
				E6EA0A233134FCDDD24AC62D /* Frameworks */,
			);
			sourceTree = "<group>";
		};
		7319D6052F39A64000F24B7D /* Products */ = {
			isa = PBXGroup;
			children = (
				7319D6042F39A64000F24B7D /* PinjamanAman.app */,
			);
			name = Products;
			sourceTree = "<group>";
		};
		7319D6252F39A64600F24B7D /* PinjamanAman */ = {
			isa = PBXGroup;
			children = (
				7319D61E2F39A64600F24B7D /* Info.plist */,
				7319D61D2F39A64600F24B7D /* Assets.xcassets */,
				7319D61C2F39A64600F24B7D /* AppDelegate.swift */,
				7319D6202F39A64600F24B7D /* LaunchScreen.storyboard */,
				7319D62D2F39A67800F24B7D /* PinjamanAman.entitlements */,
				7319D6352F39A6E200F24B7D /* Common */,
				7319D6342F39A6DD00F24B7D /* Product */,
				7319D6332F39A6D700F24B7D /* Center */,
				7319D6322F39A6C800F24B7D /* Order */,
				7319D6312F39A6C600F24B7D /* Home */,
				7319D6302F39A6C400F24B7D /* Login */,
				7319D62F2F39A6B400F24B7D /* Http */,
				7319D62E2F39A6AF00F24B7D /* Base */,
			);
			path = PinjamanAman;
			sourceTree = "<group>";
		};
		7319D62E2F39A6AF00F24B7D /* Base */ = {
			isa = PBXGroup;
			children = (
				7319D6382F39A89300F24B7D /* BaseView.swift */,
				7319D6362F39A88800F24B7D /* BaseViewController.swift */,
				7319D63A2F39A8A700F24B7D /* BaseTabBarController.swift */,
				7319D63C2F39A8BD00F24B7D /* BaseNavigationController.swift */,
				7319D63E2F39AB7A00F24B7D /* LaunchViewController.swift */,
			);
			path = Base;
			sourceTree = "<group>";
		};
		7319D62F2F39A6B400F24B7D /* Http */ = {
			isa = PBXGroup;
			children = (
				7319D6402F39ABFD00F24B7D /* NetworkMonitor.swift */,
			);
			path = Http;
			sourceTree = "<group>";
		};
		7319D6302F39A6C400F24B7D /* Login */ = {
			isa = PBXGroup;
			children = (
				7319D6422F39AE2E00F24B7D /* UserSessionManager.swift */,
			);
			path = Login;
			sourceTree = "<group>";
		};
		7319D6312F39A6C600F24B7D /* Home */ = {
			isa = PBXGroup;
			children = (
				7319D6442F39AEE100F24B7D /* HomeViewController.swift */,
			);
			path = Home;
			sourceTree = "<group>";
		};
		7319D6322F39A6C800F24B7D /* Order */ = {
			isa = PBXGroup;
			children = (
				7319D6462F39AEE800F24B7D /* OrderViewController.swift */,
			);
			path = Order;
			sourceTree = "<group>";
		};
		7319D6332F39A6D700F24B7D /* Center */ = {
			isa = PBXGroup;
			children = (
				7319D6482F39AEF000F24B7D /* CenterViewController.swift */,
			);
			path = Center;
			sourceTree = "<group>";
		};
		7319D6342F39A6DD00F24B7D /* Product */ = {
			isa = PBXGroup;
			children = (
				7319D64A2F39AF0000F24B7D /* ProductStepListViewController.swift */,
			);
			path = Product;
			sourceTree = "<group>";
		};
		7319D6352F39A6E200F24B7D /* Common */ = {
			isa = PBXGroup;
			children = (
				7319D64E2F39B29A00F24B7D /* DeviceInfoManager.swift */,
				7319D64C2F39B14D00F24B7D /* AppIdentifierManager.swift */,
			);
			path = Common;
			sourceTree = "<group>";
		};
		E6EA0A233134FCDDD24AC62D /* Frameworks */ = {
			isa = PBXGroup;
			children = (
				0229E1368D454196FD70C185 /* Pods_PinjamanAman.framework */,
			);
			name = Frameworks;
			sourceTree = "<group>";
		};
		FC6ABEC17273B9D4EA1F7530 /* Pods */ = {
			isa = PBXGroup;
			children = (
				470B9E7212CEB147057F4865 /* Pods-PinjamanAman.debug.xcconfig */,
				77299401F1B7668CAE65FE5C /* Pods-PinjamanAman.release.xcconfig */,
			);
			path = Pods;
			sourceTree = "<group>";
		};
/* End PBXGroup section */

/* Begin PBXNativeTarget section */
		7319D6032F39A64000F24B7D /* PinjamanAman */ = {
			isa = PBXNativeTarget;
			buildConfigurationList = 7319D6172F39A64200F24B7D /* Build configuration list for PBXNativeTarget "PinjamanAman" */;
			buildPhases = (
				E607AB114F86865A9733032E /* [CP] Check Pods Manifest.lock */,
				7319D6002F39A64000F24B7D /* Sources */,
				7319D6012F39A64000F24B7D /* Frameworks */,
				7319D6022F39A64000F24B7D /* Resources */,
				C2B806A76FFE11D1FB9A155A /* [CP] Embed Pods Frameworks */,
			);
			buildRules = (
			);
			dependencies = (
			);
			name = PinjamanAman;
			productName = PinjamanAman;
			productReference = 7319D6042F39A64000F24B7D /* PinjamanAman.app */;
			productType = "com.apple.product-type.application";
		};
/* End PBXNativeTarget section */

/* Begin PBXProject section */
		7319D5FC2F39A64000F24B7D /* Project object */ = {
			isa = PBXProject;
			attributes = {
				BuildIndependentTargetsInParallel = 1;
				LastSwiftUpdateCheck = 2620;
				LastUpgradeCheck = 2620;
				TargetAttributes = {
					7319D6032F39A64000F24B7D = {
						CreatedOnToolsVersion = 26.2;
					};
				};
			};
			buildConfigurationList = 7319D5FF2F39A64000F24B7D /* Build configuration list for PBXProject "PinjamanAman" */;
			developmentRegion = en;
			hasScannedForEncodings = 0;
			knownRegions = (
				en,
				Base,
			);
			mainGroup = 7319D5FB2F39A64000F24B7D;
			minimizedProjectReferenceProxies = 1;
			preferredProjectObjectVersion = 77;
			productRefGroup = 7319D6052F39A64000F24B7D /* Products */;
			projectDirPath = "";
			projectRoot = "";
			targets = (
				7319D6032F39A64000F24B7D /* PinjamanAman */,
			);
		};
/* End PBXProject section */

/* Begin PBXResourcesBuildPhase section */
		7319D6022F39A64000F24B7D /* Resources */ = {
			isa = PBXResourcesBuildPhase;
			buildActionMask = 2147483647;
			files = (
				7319D6262F39A64600F24B7D /* Assets.xcassets in Resources */,
				7319D6282F39A64600F24B7D /* LaunchScreen.storyboard in Resources */,
			);
			runOnlyForDeploymentPostprocessing = 0;
		};
/* End PBXResourcesBuildPhase section */

/* Begin PBXShellScriptBuildPhase section */
		C2B806A76FFE11D1FB9A155A /* [CP] Embed Pods Frameworks */ = {
			isa = PBXShellScriptBuildPhase;
			buildActionMask = 2147483647;
			files = (
			);
			inputFileListPaths = (
				"${PODS_ROOT}/Target Support Files/Pods-PinjamanAman/Pods-PinjamanAman-frameworks-${CONFIGURATION}-input-files.xcfilelist",
			);
			inputPaths = (
			);
			name = "[CP] Embed Pods Frameworks";
			outputFileListPaths = (
				"${PODS_ROOT}/Target Support Files/Pods-PinjamanAman/Pods-PinjamanAman-frameworks-${CONFIGURATION}-output-files.xcfilelist",
			);
			outputPaths = (
			);
			runOnlyForDeploymentPostprocessing = 0;
			shellPath = /bin/sh;
			shellScript = "\"${PODS_ROOT}/Target Support Files/Pods-PinjamanAman/Pods-PinjamanAman-frameworks.sh\"\n";
			showEnvVarsInLog = 0;
		};
		E607AB114F86865A9733032E /* [CP] Check Pods Manifest.lock */ = {
			isa = PBXShellScriptBuildPhase;
			buildActionMask = 2147483647;
			files = (
			);
			inputFileListPaths = (
			);
			inputPaths = (
				"${PODS_PODFILE_DIR_PATH}/Podfile.lock",
				"${PODS_ROOT}/Manifest.lock",
			);
			name = "[CP] Check Pods Manifest.lock";
			outputFileListPaths = (
			);
			outputPaths = (
				"$(DERIVED_FILE_DIR)/Pods-PinjamanAman-checkManifestLockResult.txt",
			);
			runOnlyForDeploymentPostprocessing = 0;
			shellPath = /bin/sh;
			shellScript = "diff \"${PODS_PODFILE_DIR_PATH}/Podfile.lock\" \"${PODS_ROOT}/Manifest.lock\" > /dev/null\nif [ $? != 0 ] ; then\n    # print error to STDERR\n    echo \"error: The sandbox is not in sync with the Podfile.lock. Run 'pod install' or update your CocoaPods installation.\" >&2\n    exit 1\nfi\n# This output is used by Xcode 'outputs' to avoid re-running this script phase.\necho \"SUCCESS\" > \"${SCRIPT_OUTPUT_FILE_0}\"\n";
			showEnvVarsInLog = 0;
		};
/* End PBXShellScriptBuildPhase section */

/* Begin PBXSourcesBuildPhase section */
		7319D6002F39A64000F24B7D /* Sources */ = {
			isa = PBXSourcesBuildPhase;
			buildActionMask = 2147483647;
			files = (
				7319D64D2F39B14D00F24B7D /* AppIdentifierManager.swift in Sources */,
				7319D63B2F39A8A700F24B7D /* BaseTabBarController.swift in Sources */,
				7319D6472F39AEE800F24B7D /* OrderViewController.swift in Sources */,
				7319D64B2F39AF0000F24B7D /* ProductStepListViewController.swift in Sources */,
				7319D6432F39AE2E00F24B7D /* UserSessionManager.swift in Sources */,
				7319D63F2F39AB7A00F24B7D /* LaunchViewController.swift in Sources */,
				7319D6392F39A89300F24B7D /* BaseView.swift in Sources */,
				7319D62A2F39A64600F24B7D /* AppDelegate.swift in Sources */,
				7319D6452F39AEE100F24B7D /* HomeViewController.swift in Sources */,
				7319D63D2F39A8BD00F24B7D /* BaseNavigationController.swift in Sources */,
				7319D6492F39AEF000F24B7D /* CenterViewController.swift in Sources */,
				7319D6372F39A88800F24B7D /* BaseViewController.swift in Sources */,
				7319D6412F39ABFD00F24B7D /* NetworkMonitor.swift in Sources */,
				7319D64F2F39B29A00F24B7D /* DeviceInfoManager.swift in Sources */,
			);
			runOnlyForDeploymentPostprocessing = 0;
		};
/* End PBXSourcesBuildPhase section */

/* Begin PBXVariantGroup section */
		7319D6202F39A64600F24B7D /* LaunchScreen.storyboard */ = {
			isa = PBXVariantGroup;
			children = (
				7319D61F2F39A64600F24B7D /* Base */,
			);
			name = LaunchScreen.storyboard;
			sourceTree = "<group>";
		};
/* End PBXVariantGroup section */

/* Begin XCBuildConfiguration section */
		7319D6182F39A64200F24B7D /* Debug */ = {
			isa = XCBuildConfiguration;
			baseConfigurationReference = 470B9E7212CEB147057F4865 /* Pods-PinjamanAman.debug.xcconfig */;
			buildSettings = {
				ASSETCATALOG_COMPILER_APPICON_NAME = AppIcon;
				ASSETCATALOG_COMPILER_GLOBAL_ACCENT_COLOR_NAME = AccentColor;
				CODE_SIGN_ENTITLEMENTS = PinjamanAman/PinjamanAman.entitlements;
				CODE_SIGN_STYLE = Automatic;
				CURRENT_PROJECT_VERSION = 1;
				DEVELOPMENT_TEAM = 57MBH2272N;
				ENABLE_USER_SCRIPT_SANDBOXING = NO;
				GENERATE_INFOPLIST_FILE = YES;
				INFOPLIST_FILE = PinjamanAman/Info.plist;
				INFOPLIST_KEY_CFBundleDisplayName = "Pinjaman Aman";
				INFOPLIST_KEY_UIApplicationSupportsIndirectInputEvents = YES;
				INFOPLIST_KEY_UILaunchStoryboardName = LaunchScreen;
				INFOPLIST_KEY_UISupportedInterfaceOrientations = UIInterfaceOrientationPortrait;
				INFOPLIST_KEY_UISupportedInterfaceOrientations_iPad = "UIInterfaceOrientationLandscapeLeft UIInterfaceOrientationLandscapeRight UIInterfaceOrientationPortrait UIInterfaceOrientationPortraitUpsideDown";
				IPHONEOS_DEPLOYMENT_TARGET = 14.0;
				LD_RUNPATH_SEARCH_PATHS = (
					"$(inherited)",
					"@executable_path/Frameworks",
				);
				MARKETING_VERSION = 1.0.0;
				PRODUCT_BUNDLE_IDENTIFIER = ok.zoom.loan;
				PRODUCT_NAME = "$(TARGET_NAME)";
				STRING_CATALOG_GENERATE_SYMBOLS = YES;
				SUPPORTED_PLATFORMS = "iphoneos iphonesimulator";
				SUPPORTS_MACCATALYST = NO;
				SUPPORTS_MAC_DESIGNED_FOR_IPHONE_IPAD = NO;
				SUPPORTS_XR_DESIGNED_FOR_IPHONE_IPAD = NO;
				SWIFT_APPROACHABLE_CONCURRENCY = YES;
				SWIFT_DEFAULT_ACTOR_ISOLATION = MainActor;
				SWIFT_EMIT_LOC_STRINGS = YES;
				SWIFT_UPCOMING_FEATURE_MEMBER_IMPORT_VISIBILITY = YES;
				SWIFT_VERSION = 5.0;
				TARGETED_DEVICE_FAMILY = 1;
			};
			name = Debug;
		};
		7319D6192F39A64200F24B7D /* Release */ = {
			isa = XCBuildConfiguration;
			baseConfigurationReference = 77299401F1B7668CAE65FE5C /* Pods-PinjamanAman.release.xcconfig */;
			buildSettings = {
				ASSETCATALOG_COMPILER_APPICON_NAME = AppIcon;
				ASSETCATALOG_COMPILER_GLOBAL_ACCENT_COLOR_NAME = AccentColor;
				CODE_SIGN_ENTITLEMENTS = PinjamanAman/PinjamanAman.entitlements;
				CODE_SIGN_STYLE = Automatic;
				CURRENT_PROJECT_VERSION = 1;
				DEVELOPMENT_TEAM = 57MBH2272N;
				ENABLE_USER_SCRIPT_SANDBOXING = NO;
				GENERATE_INFOPLIST_FILE = YES;
				INFOPLIST_FILE = PinjamanAman/Info.plist;
				INFOPLIST_KEY_CFBundleDisplayName = "Pinjaman Aman";
				INFOPLIST_KEY_UIApplicationSupportsIndirectInputEvents = YES;
				INFOPLIST_KEY_UILaunchStoryboardName = LaunchScreen;
				INFOPLIST_KEY_UISupportedInterfaceOrientations = UIInterfaceOrientationPortrait;
				INFOPLIST_KEY_UISupportedInterfaceOrientations_iPad = "UIInterfaceOrientationLandscapeLeft UIInterfaceOrientationLandscapeRight UIInterfaceOrientationPortrait UIInterfaceOrientationPortraitUpsideDown";
				IPHONEOS_DEPLOYMENT_TARGET = 14.0;
				LD_RUNPATH_SEARCH_PATHS = (
					"$(inherited)",
					"@executable_path/Frameworks",
				);
				MARKETING_VERSION = 1.0.0;
				PRODUCT_BUNDLE_IDENTIFIER = ok.zoom.loan;
				PRODUCT_NAME = "$(TARGET_NAME)";
				STRING_CATALOG_GENERATE_SYMBOLS = YES;
				SUPPORTED_PLATFORMS = "iphoneos iphonesimulator";
				SUPPORTS_MACCATALYST = NO;
				SUPPORTS_MAC_DESIGNED_FOR_IPHONE_IPAD = NO;
				SUPPORTS_XR_DESIGNED_FOR_IPHONE_IPAD = NO;
				SWIFT_APPROACHABLE_CONCURRENCY = YES;
				SWIFT_DEFAULT_ACTOR_ISOLATION = MainActor;
				SWIFT_EMIT_LOC_STRINGS = YES;
				SWIFT_UPCOMING_FEATURE_MEMBER_IMPORT_VISIBILITY = YES;
				SWIFT_VERSION = 5.0;
				TARGETED_DEVICE_FAMILY = 1;
			};
			name = Release;
		};
		7319D61A2F39A64200F24B7D /* Debug */ = {
			isa = XCBuildConfiguration;
			buildSettings = {
				ALWAYS_SEARCH_USER_PATHS = NO;
				ASSETCATALOG_COMPILER_GENERATE_SWIFT_ASSET_SYMBOL_EXTENSIONS = YES;
				CLANG_ANALYZER_NONNULL = YES;
				CLANG_ANALYZER_NUMBER_OBJECT_CONVERSION = YES_AGGRESSIVE;
				CLANG_CXX_LANGUAGE_STANDARD = "gnu++20";
				CLANG_ENABLE_MODULES = YES;
				CLANG_ENABLE_OBJC_ARC = YES;
				CLANG_ENABLE_OBJC_WEAK = YES;
				CLANG_WARN_BLOCK_CAPTURE_AUTORELEASING = YES;
				CLANG_WARN_BOOL_CONVERSION = YES;
				CLANG_WARN_COMMA = YES;
				CLANG_WARN_CONSTANT_CONVERSION = YES;
				CLANG_WARN_DEPRECATED_OBJC_IMPLEMENTATIONS = YES;
				CLANG_WARN_DIRECT_OBJC_ISA_USAGE = YES_ERROR;
				CLANG_WARN_DOCUMENTATION_COMMENTS = YES;
				CLANG_WARN_EMPTY_BODY = YES;
				CLANG_WARN_ENUM_CONVERSION = YES;
				CLANG_WARN_INFINITE_RECURSION = YES;
				CLANG_WARN_INT_CONVERSION = YES;
				CLANG_WARN_NON_LITERAL_NULL_CONVERSION = YES;
				CLANG_WARN_OBJC_IMPLICIT_RETAIN_SELF = YES;
				CLANG_WARN_OBJC_LITERAL_CONVERSION = YES;
				CLANG_WARN_OBJC_ROOT_CLASS = YES_ERROR;
				CLANG_WARN_QUOTED_INCLUDE_IN_FRAMEWORK_HEADER = YES;
				CLANG_WARN_RANGE_LOOP_ANALYSIS = YES;
				CLANG_WARN_STRICT_PROTOTYPES = YES;
				CLANG_WARN_SUSPICIOUS_MOVE = YES;
				CLANG_WARN_UNGUARDED_AVAILABILITY = YES_AGGRESSIVE;
				CLANG_WARN_UNREACHABLE_CODE = YES;
				CLANG_WARN__DUPLICATE_METHOD_MATCH = YES;
				COPY_PHASE_STRIP = NO;
				DEBUG_INFORMATION_FORMAT = dwarf;
				ENABLE_STRICT_OBJC_MSGSEND = YES;
				ENABLE_TESTABILITY = YES;
				ENABLE_USER_SCRIPT_SANDBOXING = YES;
				GCC_C_LANGUAGE_STANDARD = gnu17;
				GCC_DYNAMIC_NO_PIC = NO;
				GCC_NO_COMMON_BLOCKS = YES;
				GCC_OPTIMIZATION_LEVEL = 0;
				GCC_PREPROCESSOR_DEFINITIONS = (
					"DEBUG=1",
					"$(inherited)",
				);
				GCC_WARN_64_TO_32_BIT_CONVERSION = YES;
				GCC_WARN_ABOUT_RETURN_TYPE = YES_ERROR;
				GCC_WARN_UNDECLARED_SELECTOR = YES;
				GCC_WARN_UNINITIALIZED_AUTOS = YES_AGGRESSIVE;
				GCC_WARN_UNUSED_FUNCTION = YES;
				GCC_WARN_UNUSED_VARIABLE = YES;
				IPHONEOS_DEPLOYMENT_TARGET = 26.2;
				LOCALIZATION_PREFERS_STRING_CATALOGS = YES;
				MTL_ENABLE_DEBUG_INFO = INCLUDE_SOURCE;
				MTL_FAST_MATH = YES;
				ONLY_ACTIVE_ARCH = YES;
				SDKROOT = iphoneos;
				SWIFT_ACTIVE_COMPILATION_CONDITIONS = "DEBUG $(inherited)";
				SWIFT_OPTIMIZATION_LEVEL = "-Onone";
			};
			name = Debug;
		};
		7319D61B2F39A64200F24B7D /* Release */ = {
			isa = XCBuildConfiguration;
			buildSettings = {
				ALWAYS_SEARCH_USER_PATHS = NO;
				ASSETCATALOG_COMPILER_GENERATE_SWIFT_ASSET_SYMBOL_EXTENSIONS = YES;
				CLANG_ANALYZER_NONNULL = YES;
				CLANG_ANALYZER_NUMBER_OBJECT_CONVERSION = YES_AGGRESSIVE;
				CLANG_CXX_LANGUAGE_STANDARD = "gnu++20";
				CLANG_ENABLE_MODULES = YES;
				CLANG_ENABLE_OBJC_ARC = YES;
				CLANG_ENABLE_OBJC_WEAK = YES;
				CLANG_WARN_BLOCK_CAPTURE_AUTORELEASING = YES;
				CLANG_WARN_BOOL_CONVERSION = YES;
				CLANG_WARN_COMMA = YES;
				CLANG_WARN_CONSTANT_CONVERSION = YES;
				CLANG_WARN_DEPRECATED_OBJC_IMPLEMENTATIONS = YES;
				CLANG_WARN_DIRECT_OBJC_ISA_USAGE = YES_ERROR;
				CLANG_WARN_DOCUMENTATION_COMMENTS = YES;
				CLANG_WARN_EMPTY_BODY = YES;
				CLANG_WARN_ENUM_CONVERSION = YES;
				CLANG_WARN_INFINITE_RECURSION = YES;
				CLANG_WARN_INT_CONVERSION = YES;
				CLANG_WARN_NON_LITERAL_NULL_CONVERSION = YES;
				CLANG_WARN_OBJC_IMPLICIT_RETAIN_SELF = YES;
				CLANG_WARN_OBJC_LITERAL_CONVERSION = YES;
				CLANG_WARN_OBJC_ROOT_CLASS = YES_ERROR;
				CLANG_WARN_QUOTED_INCLUDE_IN_FRAMEWORK_HEADER = YES;
				CLANG_WARN_RANGE_LOOP_ANALYSIS = YES;
				CLANG_WARN_STRICT_PROTOTYPES = YES;
				CLANG_WARN_SUSPICIOUS_MOVE = YES;
				CLANG_WARN_UNGUARDED_AVAILABILITY = YES_AGGRESSIVE;
				CLANG_WARN_UNREACHABLE_CODE = YES;
				CLANG_WARN__DUPLICATE_METHOD_MATCH = YES;
				COPY_PHASE_STRIP = NO;
				DEBUG_INFORMATION_FORMAT = "dwarf-with-dsym";
				ENABLE_NS_ASSERTIONS = NO;
				ENABLE_STRICT_OBJC_MSGSEND = YES;
				ENABLE_USER_SCRIPT_SANDBOXING = YES;
				GCC_C_LANGUAGE_STANDARD = gnu17;
				GCC_NO_COMMON_BLOCKS = YES;
				GCC_WARN_64_TO_32_BIT_CONVERSION = YES;
				GCC_WARN_ABOUT_RETURN_TYPE = YES_ERROR;
				GCC_WARN_UNDECLARED_SELECTOR = YES;
				GCC_WARN_UNINITIALIZED_AUTOS = YES_AGGRESSIVE;
				GCC_WARN_UNUSED_FUNCTION = YES;
				GCC_WARN_UNUSED_VARIABLE = YES;
				IPHONEOS_DEPLOYMENT_TARGET = 26.2;
				LOCALIZATION_PREFERS_STRING_CATALOGS = YES;
				MTL_ENABLE_DEBUG_INFO = NO;
				MTL_FAST_MATH = YES;
				SDKROOT = iphoneos;
				SWIFT_COMPILATION_MODE = wholemodule;
				VALIDATE_PRODUCT = YES;
			};
			name = Release;
		};
/* End XCBuildConfiguration section */

/* Begin XCConfigurationList section */
		7319D5FF2F39A64000F24B7D /* Build configuration list for PBXProject "PinjamanAman" */ = {
			isa = XCConfigurationList;
			buildConfigurations = (
				7319D61A2F39A64200F24B7D /* Debug */,
				7319D61B2F39A64200F24B7D /* Release */,
			);
			defaultConfigurationIsVisible = 0;
			defaultConfigurationName = Release;
		};
		7319D6172F39A64200F24B7D /* Build configuration list for PBXNativeTarget "PinjamanAman" */ = {
			isa = XCConfigurationList;
			buildConfigurations = (
				7319D6182F39A64200F24B7D /* Debug */,
				7319D6192F39A64200F24B7D /* Release */,
			);
			defaultConfigurationIsVisible = 0;
			defaultConfigurationName = Release;
		};
/* End XCConfigurationList section */
	};
	rootObject = 7319D5FC2F39A64000F24B7D /* Project object */;
}
