// !$*UTF8*$!
{
	archiveVersion = 1;
	classes = {
	};
	objectVersion = 77;
	objects = {

/* Begin PBXBuildFile section */
		6956BA6D035FB7B8FB029B1A /* Pods_PinjamanAman.framework in Frameworks */ = {isa = PBXBuildFile; fileRef = 0229E1368D454196FD70C185 /* Pods_PinjamanAman.framework */; };
		730D42812F3C1A94001E5D2F /* OrderViewCell.swift in Sources */ = {isa = PBXBuildFile; fileRef = 730D42802F3C1A94001E5D2F /* OrderViewCell.swift */; };
		730D42832F3C299D001E5D2F /* OrderListViewController.swift in Sources */ = {isa = PBXBuildFile; fileRef = 730D42822F3C299D001E5D2F /* OrderListViewController.swift */; };
		730D42852F3C34C1001E5D2F /* TwoView.swift in Sources */ = {isa = PBXBuildFile; fileRef = 730D42842F3C34C1001E5D2F /* TwoView.swift */; };
		730D42872F3C4A4C001E5D2F /* OneViewCell.swift in Sources */ = {isa = PBXBuildFile; fileRef = 730D42862F3C4A4C001E5D2F /* OneViewCell.swift */; };
		730D42892F3C4A56001E5D2F /* TwoViewCell.swift in Sources */ = {isa = PBXBuildFile; fileRef = 730D42882F3C4A56001E5D2F /* TwoViewCell.swift */; };
		730D428B2F3C4A61001E5D2F /* ThreeViewCell.swift in Sources */ = {isa = PBXBuildFile; fileRef = 730D428A2F3C4A61001E5D2F /* ThreeViewCell.swift */; };
		7319D6262F39A64600F24B7D /* Assets.xcassets in Resources */ = {isa = PBXBuildFile; fileRef = 7319D61D2F39A64600F24B7D /* Assets.xcassets */; };
		7319D6282F39A64600F24B7D /* LaunchScreen.storyboard in Resources */ = {isa = PBXBuildFile; fileRef = 7319D6202F39A64600F24B7D /* LaunchScreen.storyboard */; };
		7319D62A2F39A64600F24B7D /* AppDelegate.swift in Sources */ = {isa = PBXBuildFile; fileRef = 7319D61C2F39A64600F24B7D /* AppDelegate.swift */; };
		7319D6372F39A88800F24B7D /* BaseViewController.swift in Sources */ = {isa = PBXBuildFile; fileRef = 7319D6362F39A88800F24B7D /* BaseViewController.swift */; };
		7319D6392F39A89300F24B7D /* BaseView.swift in Sources */ = {isa = PBXBuildFile; fileRef = 7319D6382F39A89300F24B7D /* BaseView.swift */; };
		7319D63B2F39A8A700F24B7D /* BaseTabBarController.swift in Sources */ = {isa = PBXBuildFile; fileRef = 7319D63A2F39A8A700F24B7D /* BaseTabBarController.swift */; };
		7319D63D2F39A8BD00F24B7D /* BaseNavigationController.swift in Sources */ = {isa = PBXBuildFile; fileRef = 7319D63C2F39A8BD00F24B7D /* BaseNavigationController.swift */; };
		7319D63F2F39AB7A00F24B7D /* LaunchViewController.swift in Sources */ = {isa = PBXBuildFile; fileRef = 7319D63E2F39AB7A00F24B7D /* LaunchViewController.swift */; };
		7319D6412F39ABFD00F24B7D /* NetworkMonitor.swift in Sources */ = {isa = PBXBuildFile; fileRef = 7319D6402F39ABFD00F24B7D /* NetworkMonitor.swift */; };
		7319D6432F39AE2E00F24B7D /* UserSessionManager.swift in Sources */ = {isa = PBXBuildFile; fileRef = 7319D6422F39AE2E00F24B7D /* UserSessionManager.swift */; };
		7319D6452F39AEE100F24B7D /* HomeViewController.swift in Sources */ = {isa = PBXBuildFile; fileRef = 7319D6442F39AEE100F24B7D /* HomeViewController.swift */; };
		7319D6472F39AEE800F24B7D /* OrderViewController.swift in Sources */ = {isa = PBXBuildFile; fileRef = 7319D6462F39AEE800F24B7D /* OrderViewController.swift */; };
		7319D6492F39AEF000F24B7D /* CenterViewController.swift in Sources */ = {isa = PBXBuildFile; fileRef = 7319D6482F39AEF000F24B7D /* CenterViewController.swift */; };
		7319D64B2F39AF0000F24B7D /* ProductStepListViewController.swift in Sources */ = {isa = PBXBuildFile; fileRef = 7319D64A2F39AF0000F24B7D /* ProductStepListViewController.swift */; };
		7319D64D2F39B14D00F24B7D /* AppIdentifierManager.swift in Sources */ = {isa = PBXBuildFile; fileRef = 7319D64C2F39B14D00F24B7D /* AppIdentifierManager.swift */; };
		7319D64F2F39B29A00F24B7D /* DeviceInfoManager.swift in Sources */ = {isa = PBXBuildFile; fileRef = 7319D64E2F39B29A00F24B7D /* DeviceInfoManager.swift */; };
		7319D6512F39B47800F24B7D /* BaseModel.swift in Sources */ = {isa = PBXBuildFile; fileRef = 7319D6502F39B47500F24B7D /* BaseModel.swift */; };
		7319D6532F39B4D500F24B7D /* NetworkManager.swift in Sources */ = {isa = PBXBuildFile; fileRef = 7319D6522F39B4D500F24B7D /* NetworkManager.swift */; };
		7319D6552F39BB3300F24B7D /* LoadingView.swift in Sources */ = {isa = PBXBuildFile; fileRef = 7319D6542F39BB3300F24B7D /* LoadingView.swift */; };
		7319D6572F39BE1000F24B7D /* LoginViewController.swift in Sources */ = {isa = PBXBuildFile; fileRef = 7319D6562F39BE1000F24B7D /* LoginViewController.swift */; };
		7319D6592F39BFAF00F24B7D /* LoginView.swift in Sources */ = {isa = PBXBuildFile; fileRef = 7319D6582F39BFAF00F24B7D /* LoginView.swift */; };
		7319D65B2F39C0D400F24B7D /* ToastManager.swift in Sources */ = {isa = PBXBuildFile; fileRef = 7319D65A2F39C0D400F24B7D /* ToastManager.swift */; };
		7319D65D2F39C42100F24B7D /* LoginListView.swift in Sources */ = {isa = PBXBuildFile; fileRef = 7319D65C2F39C42100F24B7D /* LoginListView.swift */; };
		7319D65F2F39C7A000F24B7D /* CodeListView.swift in Sources */ = {isa = PBXBuildFile; fileRef = 7319D65E2F39C7A000F24B7D /* CodeListView.swift */; };
		7319D6612F39D33D00F24B7D /* CenterView.swift in Sources */ = {isa = PBXBuildFile; fileRef = 7319D6602F39D33D00F24B7D /* CenterView.swift */; };
		7319D6632F39DA7D00F24B7D /* CenterViewCell.swift in Sources */ = {isa = PBXBuildFile; fileRef = 7319D6622F39DA7D00F24B7D /* CenterViewCell.swift */; };
		7363AAEF2F3ADA1D00E8002F /* BasicViewController.swift in Sources */ = {isa = PBXBuildFile; fileRef = 7363AAEE2F3ADA1D00E8002F /* BasicViewController.swift */; };
		7363AAF72F3ADCFC00E8002F /* PersonalViewController.swift in Sources */ = {isa = PBXBuildFile; fileRef = 7363AAF62F3ADCFC00E8002F /* PersonalViewController.swift */; };
		7363AAFB2F3ADD7A00E8002F /* BasicListView.swift in Sources */ = {isa = PBXBuildFile; fileRef = 7363AAFA2F3ADD7A00E8002F /* BasicListView.swift */; };
		7363AAFD2F3AF47600E8002F /* PopAlertFaceView.swift in Sources */ = {isa = PBXBuildFile; fileRef = 7363AAFC2F3AF47600E8002F /* PopAlertFaceView.swift */; };
		7363AAFF2F3AF7AD00E8002F /* SystemCameraPicker.swift in Sources */ = {isa = PBXBuildFile; fileRef = 7363AAFE2F3AF7AD00E8002F /* SystemCameraPicker.swift */; };
		7363AB012F3AFD0100E8002F /* PopSaveInfoView.swift in Sources */ = {isa = PBXBuildFile; fileRef = 7363AB002F3AFD0100E8002F /* PopSaveInfoView.swift */; };
		7363AB032F3B105700E8002F /* TapCell.swift in Sources */ = {isa = PBXBuildFile; fileRef = 7363AB022F3B105700E8002F /* TapCell.swift */; };
		7363AB052F3B106400E8002F /* EnterTextCell.swift in Sources */ = {isa = PBXBuildFile; fileRef = 7363AB042F3B106400E8002F /* EnterTextCell.swift */; };
		7363AB072F3B1A9700E8002F /* PopEnmuView.swift in Sources */ = {isa = PBXBuildFile; fileRef = 7363AB062F3B1A9700E8002F /* PopEnmuView.swift */; };
		7363AB092F3B25CC00E8002F /* ConnectViewController.swift in Sources */ = {isa = PBXBuildFile; fileRef = 7363AB082F3B25CC00E8002F /* ConnectViewController.swift */; };
		7363AB0B2F3B25ED00E8002F /* ToYouViewController.swift in Sources */ = {isa = PBXBuildFile; fileRef = 7363AB0A2F3B25ED00E8002F /* ToYouViewController.swift */; };
		7363AB0D2F3B272900E8002F /* ConnectViewCell.swift in Sources */ = {isa = PBXBuildFile; fileRef = 7363AB0C2F3B272900E8002F /* ConnectViewCell.swift */; };
		736F5BA82F3A07B200F5BC15 /* DeepLinkTarget.swift in Sources */ = {isa = PBXBuildFile; fileRef = 736F5BA72F3A07B200F5BC15 /* DeepLinkTarget.swift */; };
		736F5BAA2F3A082F00F5BC15 /* SettingViewController.swift in Sources */ = {isa = PBXBuildFile; fileRef = 736F5BA92F3A082F00F5BC15 /* SettingViewController.swift */; };
		736F5BAC2F3A0A9400F5BC15 /* AppHeadView.swift in Sources */ = {isa = PBXBuildFile; fileRef = 736F5BAB2F3A0A9400F5BC15 /* AppHeadView.swift */; };
		736F5BAE2F3A0EC000F5BC15 /* AppLogoutView.swift in Sources */ = {isa = PBXBuildFile; fileRef = 736F5BAD2F3A0EC000F5BC15 /* AppLogoutView.swift */; };
		736F5BB02F3A119F00F5BC15 /* AppCancelView.swift in Sources */ = {isa = PBXBuildFile; fileRef = 736F5BAF2F3A119F00F5BC15 /* AppCancelView.swift */; };
		736F5BB22F3A146B00F5BC15 /* H5WebViewController.swift in Sources */ = {isa = PBXBuildFile; fileRef = 736F5BB12F3A146B00F5BC15 /* H5WebViewController.swift */; };
		736F5BB42F3A167900F5BC15 /* OneView.swift in Sources */ = {isa = PBXBuildFile; fileRef = 736F5BB32F3A167500F5BC15 /* OneView.swift */; };
		736F5BB62F3A24E200F5BC15 /* CardListView.swift in Sources */ = {isa = PBXBuildFile; fileRef = 736F5BB52F3A24E200F5BC15 /* CardListView.swift */; };
		736F5BBC2F3A2E7000F5BC15 /* ProductStepViewCell.swift in Sources */ = {isa = PBXBuildFile; fileRef = 736F5BBB2F3A2E7000F5BC15 /* ProductStepViewCell.swift */; };
		73B8F6E92F3B7CD400409D13 /* ContactManager.swift in Sources */ = {isa = PBXBuildFile; fileRef = 73B8F6E82F3B7CD400409D13 /* ContactManager.swift */; };
/* End PBXBuildFile section */

/* Begin PBXFileReference section */
		0229E1368D454196FD70C185 /* Pods_PinjamanAman.framework */ = {isa = PBXFileReference; explicitFileType = wrapper.framework; includeInIndex = 0; path = Pods_PinjamanAman.framework; sourceTree = BUILT_PRODUCTS_DIR; };
		470B9E7212CEB147057F4865 /* Pods-PinjamanAman.debug.xcconfig */ = {isa = PBXFileReference; includeInIndex = 1; lastKnownFileType = text.xcconfig; name = "Pods-PinjamanAman.debug.xcconfig"; path = "Target Support Files/Pods-PinjamanAman/Pods-PinjamanAman.debug.xcconfig"; sourceTree = "<group>"; };
		730D42802F3C1A94001E5D2F /* OrderViewCell.swift */ = {isa = PBXFileReference; lastKnownFileType = sourcecode.swift; path = OrderViewCell.swift; sourceTree = "<group>"; };
		730D42822F3C299D001E5D2F /* OrderListViewController.swift */ = {isa = PBXFileReference; lastKnownFileType = sourcecode.swift; path = OrderListViewController.swift; sourceTree = "<group>"; };
		730D42842F3C34C1001E5D2F /* TwoView.swift */ = {isa = PBXFileReference; lastKnownFileType = sourcecode.swift; path = TwoView.swift; sourceTree = "<group>"; };
		730D42862F3C4A4C001E5D2F /* OneViewCell.swift */ = {isa = PBXFileReference; lastKnownFileType = sourcecode.swift; path = OneViewCell.swift; sourceTree = "<group>"; };
		730D42882F3C4A56001E5D2F /* TwoViewCell.swift */ = {isa = PBXFileReference; lastKnownFileType = sourcecode.swift; path = TwoViewCell.swift; sourceTree = "<group>"; };
		730D428A2F3C4A61001E5D2F /* ThreeViewCell.swift */ = {isa = PBXFileReference; lastKnownFileType = sourcecode.swift; path = ThreeViewCell.swift; sourceTree = "<group>"; };
		7319D6042F39A64000F24B7D /* PinjamanAman.app */ = {isa = PBXFileReference; explicitFileType = wrapper.application; includeInIndex = 0; path = PinjamanAman.app; sourceTree = BUILT_PRODUCTS_DIR; };
		7319D61C2F39A64600F24B7D /* AppDelegate.swift */ = {isa = PBXFileReference; lastKnownFileType = sourcecode.swift; path = AppDelegate.swift; sourceTree = "<group>"; };
		7319D61D2F39A64600F24B7D /* Assets.xcassets */ = {isa = PBXFileReference; lastKnownFileType = folder.assetcatalog; path = Assets.xcassets; sourceTree = "<group>"; };
		7319D61E2F39A64600F24B7D /* Info.plist */ = {isa = PBXFileReference; lastKnownFileType = text.plist.xml; path = Info.plist; sourceTree = "<group>"; };
		7319D61F2F39A64600F24B7D /* Base */ = {isa = PBXFileReference; lastKnownFileType = file.storyboard; name = Base; path = Base.lproj/LaunchScreen.storyboard; sourceTree = "<group>"; };
		7319D62D2F39A67800F24B7D /* PinjamanAman.entitlements */ = {isa = PBXFileReference; lastKnownFileType = text.plist.entitlements; path = PinjamanAman.entitlements; sourceTree = "<group>"; };
		7319D6362F39A88800F24B7D /* BaseViewController.swift */ = {isa = PBXFileReference; lastKnownFileType = sourcecode.swift; path = BaseViewController.swift; sourceTree = "<group>"; };
		7319D6382F39A89300F24B7D /* BaseView.swift */ = {isa = PBXFileReference; lastKnownFileType = sourcecode.swift; path = BaseView.swift; sourceTree = "<group>"; };
		7319D63A2F39A8A700F24B7D /* BaseTabBarController.swift */ = {isa = PBXFileReference; lastKnownFileType = sourcecode.swift; path = BaseTabBarController.swift; sourceTree = "<group>"; };
		7319D63C2F39A8BD00F24B7D /* BaseNavigationController.swift */ = {isa = PBXFileReference; lastKnownFileType = sourcecode.swift; path = BaseNavigationController.swift; sourceTree = "<group>"; };
		7319D63E2F39AB7A00F24B7D /* LaunchViewController.swift */ = {isa = PBXFileReference; lastKnownFileType = sourcecode.swift; path = LaunchViewController.swift; sourceTree = "<group>"; };
		7319D6402F39ABFD00F24B7D /* NetworkMonitor.swift */ = {isa = PBXFileReference; lastKnownFileType = sourcecode.swift; path = NetworkMonitor.swift; sourceTree = "<group>"; };
		7319D6422F39AE2E00F24B7D /* UserSessionManager.swift */ = {isa = PBXFileReference; lastKnownFileType = sourcecode.swift; path = UserSessionManager.swift; sourceTree = "<group>"; };
		7319D6442F39AEE100F24B7D /* HomeViewController.swift */ = {isa = PBXFileReference; lastKnownFileType = sourcecode.swift; path = HomeViewController.swift; sourceTree = "<group>"; };
		7319D6462F39AEE800F24B7D /* OrderViewController.swift */ = {isa = PBXFileReference; lastKnownFileType = sourcecode.swift; path = OrderViewController.swift; sourceTree = "<group>"; };
		7319D6482F39AEF000F24B7D /* CenterViewController.swift */ = {isa = PBXFileReference; lastKnownFileType = sourcecode.swift; path = CenterViewController.swift; sourceTree = "<group>"; };
		7319D64A2F39AF0000F24B7D /* ProductStepListViewController.swift */ = {isa = PBXFileReference; lastKnownFileType = sourcecode.swift; path = ProductStepListViewController.swift; sourceTree = "<group>"; };
		7319D64C2F39B14D00F24B7D /* AppIdentifierManager.swift */ = {isa = PBXFileReference; lastKnownFileType = sourcecode.swift; path = AppIdentifierManager.swift; sourceTree = "<group>"; };
		7319D64E2F39B29A00F24B7D /* DeviceInfoManager.swift */ = {isa = PBXFileReference; lastKnownFileType = sourcecode.swift; path = DeviceInfoManager.swift; sourceTree = "<group>"; };
		7319D6502F39B47500F24B7D /* BaseModel.swift */ = {isa = PBXFileReference; lastKnownFileType = sourcecode.swift; path = BaseModel.swift; sourceTree = "<group>"; };
		7319D6522F39B4D500F24B7D /* NetworkManager.swift */ = {isa = PBXFileReference; lastKnownFileType = sourcecode.swift; path = NetworkManager.swift; sourceTree = "<group>"; };
		7319D6542F39BB3300F24B7D /* LoadingView.swift */ = {isa = PBXFileReference; lastKnownFileType = sourcecode.swift; path = LoadingView.swift; sourceTree = "<group>"; };
		7319D6562F39BE1000F24B7D /* LoginViewController.swift */ = {isa = PBXFileReference; lastKnownFileType = sourcecode.swift; path = LoginViewController.swift; sourceTree = "<group>"; };
		7319D6582F39BFAF00F24B7D /* LoginView.swift */ = {isa = PBXFileReference; lastKnownFileType = sourcecode.swift; path = LoginView.swift; sourceTree = "<group>"; };
		7319D65A2F39C0D400F24B7D /* ToastManager.swift */ = {isa = PBXFileReference; lastKnownFileType = sourcecode.swift; path = ToastManager.swift; sourceTree = "<group>"; };
		7319D65C2F39C42100F24B7D /* LoginListView.swift */ = {isa = PBXFileReference; lastKnownFileType = sourcecode.swift; path = LoginListView.swift; sourceTree = "<group>"; };
		7319D65E2F39C7A000F24B7D /* CodeListView.swift */ = {isa = PBXFileReference; lastKnownFileType = sourcecode.swift; path = CodeListView.swift; sourceTree = "<group>"; };
		7319D6602F39D33D00F24B7D /* CenterView.swift */ = {isa = PBXFileReference; lastKnownFileType = sourcecode.swift; path = CenterView.swift; sourceTree = "<group>"; };
		7319D6622F39DA7D00F24B7D /* CenterViewCell.swift */ = {isa = PBXFileReference; lastKnownFileType = sourcecode.swift; path = CenterViewCell.swift; sourceTree = "<group>"; };
		7363AAEE2F3ADA1D00E8002F /* BasicViewController.swift */ = {isa = PBXFileReference; lastKnownFileType = sourcecode.swift; path = BasicViewController.swift; sourceTree = "<group>"; };
		7363AAF62F3ADCFC00E8002F /* PersonalViewController.swift */ = {isa = PBXFileReference; lastKnownFileType = sourcecode.swift; path = PersonalViewController.swift; sourceTree = "<group>"; };
		7363AAFA2F3ADD7A00E8002F /* BasicListView.swift */ = {isa = PBXFileReference; lastKnownFileType = sourcecode.swift; path = BasicListView.swift; sourceTree = "<group>"; };
		7363AAFC2F3AF47600E8002F /* PopAlertFaceView.swift */ = {isa = PBXFileReference; lastKnownFileType = sourcecode.swift; path = PopAlertFaceView.swift; sourceTree = "<group>"; };
		7363AAFE2F3AF7AD00E8002F /* SystemCameraPicker.swift */ = {isa = PBXFileReference; lastKnownFileType = sourcecode.swift; path = SystemCameraPicker.swift; sourceTree = "<group>"; };
		7363AB002F3AFD0100E8002F /* PopSaveInfoView.swift */ = {isa = PBXFileReference; lastKnownFileType = sourcecode.swift; path = PopSaveInfoView.swift; sourceTree = "<group>"; };
		7363AB022F3B105700E8002F /* TapCell.swift */ = {isa = PBXFileReference; lastKnownFileType = sourcecode.swift; path = TapCell.swift; sourceTree = "<group>"; };
		7363AB042F3B106400E8002F /* EnterTextCell.swift */ = {isa = PBXFileReference; lastKnownFileType = sourcecode.swift; path = EnterTextCell.swift; sourceTree = "<group>"; };
		7363AB062F3B1A9700E8002F /* PopEnmuView.swift */ = {isa = PBXFileReference; lastKnownFileType = sourcecode.swift; path = PopEnmuView.swift; sourceTree = "<group>"; };
		7363AB082F3B25CC00E8002F /* ConnectViewController.swift */ = {isa = PBXFileReference; lastKnownFileType = sourcecode.swift; path = ConnectViewController.swift; sourceTree = "<group>"; };
		7363AB0A2F3B25ED00E8002F /* ToYouViewController.swift */ = {isa = PBXFileReference; lastKnownFileType = sourcecode.swift; path = ToYouViewController.swift; sourceTree = "<group>"; };
		7363AB0C2F3B272900E8002F /* ConnectViewCell.swift */ = {isa = PBXFileReference; lastKnownFileType = sourcecode.swift; path = ConnectViewCell.swift; sourceTree = "<group>"; };
		736F5BA72F3A07B200F5BC15 /* DeepLinkTarget.swift */ = {isa = PBXFileReference; lastKnownFileType = sourcecode.swift; path = DeepLinkTarget.swift; sourceTree = "<group>"; };
		736F5BA92F3A082F00F5BC15 /* SettingViewController.swift */ = {isa = PBXFileReference; lastKnownFileType = sourcecode.swift; path = SettingViewController.swift; sourceTree = "<group>"; };
		736F5BAB2F3A0A9400F5BC15 /* AppHeadView.swift */ = {isa = PBXFileReference; lastKnownFileType = sourcecode.swift; path = AppHeadView.swift; sourceTree = "<group>"; };
		736F5BAD2F3A0EC000F5BC15 /* AppLogoutView.swift */ = {isa = PBXFileReference; lastKnownFileType = sourcecode.swift; path = AppLogoutView.swift; sourceTree = "<group>"; };
		736F5BAF2F3A119F00F5BC15 /* AppCancelView.swift */ = {isa = PBXFileReference; lastKnownFileType = sourcecode.swift; path = AppCancelView.swift; sourceTree = "<group>"; };
		736F5BB12F3A146B00F5BC15 /* H5WebViewController.swift */ = {isa = PBXFileReference; lastKnownFileType = sourcecode.swift; path = H5WebViewController.swift; sourceTree = "<group>"; };
		736F5BB32F3A167500F5BC15 /* OneView.swift */ = {isa = PBXFileReference; lastKnownFileType = sourcecode.swift; path = OneView.swift; sourceTree = "<group>"; };
		736F5BB52F3A24E200F5BC15 /* CardListView.swift */ = {isa = PBXFileReference; lastKnownFileType = sourcecode.swift; path = CardListView.swift; sourceTree = "<group>"; };
		736F5BBB2F3A2E7000F5BC15 /* ProductStepViewCell.swift */ = {isa = PBXFileReference; lastKnownFileType = sourcecode.swift; path = ProductStepViewCell.swift; sourceTree = "<group>"; };
		73B8F6E82F3B7CD400409D13 /* ContactManager.swift */ = {isa = PBXFileReference; lastKnownFileType = sourcecode.swift; path = ContactManager.swift; sourceTree = "<group>"; };
		77299401F1B7668CAE65FE5C /* Pods-PinjamanAman.release.xcconfig */ = {isa = PBXFileReference; includeInIndex = 1; lastKnownFileType = text.xcconfig; name = "Pods-PinjamanAman.release.xcconfig"; path = "Target Support Files/Pods-PinjamanAman/Pods-PinjamanAman.release.xcconfig"; sourceTree = "<group>"; };
/* End PBXFileReference section */

/* Begin PBXFrameworksBuildPhase section */
		7319D6012F39A64000F24B7D /* Frameworks */ = {
			isa = PBXFrameworksBuildPhase;
			buildActionMask = 2147483647;
			files = (
				6956BA6D035FB7B8FB029B1A /* Pods_PinjamanAman.framework in Frameworks */,
			);
			runOnlyForDeploymentPostprocessing = 0;
		};
/* End PBXFrameworksBuildPhase section */

/* Begin PBXGroup section */
		7319D5FB2F39A64000F24B7D = {
			isa = PBXGroup;
			children = (
				7319D6252F39A64600F24B7D /* PinjamanAman */,
				7319D6052F39A64000F24B7D /* Products */,
				FC6ABEC17273B9D4EA1F7530 /* Pods */,
				E6EA0A233134FCDDD24AC62D /* Frameworks */,
			);
			sourceTree = "<group>";
		};
		7319D6052F39A64000F24B7D /* Products */ = {
			isa = PBXGroup;
			children = (
				7319D6042F39A64000F24B7D /* PinjamanAman.app */,
			);
			name = Products;
			sourceTree = "<group>";
		};
		7319D6252F39A64600F24B7D /* PinjamanAman */ = {
			isa = PBXGroup;
			children = (
				7319D61E2F39A64600F24B7D /* Info.plist */,
				7319D61D2F39A64600F24B7D /* Assets.xcassets */,
				7319D61C2F39A64600F24B7D /* AppDelegate.swift */,
				7319D6202F39A64600F24B7D /* LaunchScreen.storyboard */,
				7319D62D2F39A67800F24B7D /* PinjamanAman.entitlements */,
				7319D6352F39A6E200F24B7D /* Common */,
				7319D6342F39A6DD00F24B7D /* Product */,
				7319D6332F39A6D700F24B7D /* Center */,
				7319D6322F39A6C800F24B7D /* Order */,
				7319D6312F39A6C600F24B7D /* Home */,
				7319D6302F39A6C400F24B7D /* Login */,
				7319D62F2F39A6B400F24B7D /* Http */,
				7319D62E2F39A6AF00F24B7D /* Base */,
			);
			path = PinjamanAman;
			sourceTree = "<group>";
		};
		7319D62E2F39A6AF00F24B7D /* Base */ = {
			isa = PBXGroup;
			children = (
				7319D6382F39A89300F24B7D /* BaseView.swift */,
				7319D6362F39A88800F24B7D /* BaseViewController.swift */,
				7319D63A2F39A8A700F24B7D /* BaseTabBarController.swift */,
				7319D63C2F39A8BD00F24B7D /* BaseNavigationController.swift */,
				7319D63E2F39AB7A00F24B7D /* LaunchViewController.swift */,
			);
			path = Base;
			sourceTree = "<group>";
		};
		7319D62F2F39A6B400F24B7D /* Http */ = {
			isa = PBXGroup;
			children = (
				7319D6502F39B47500F24B7D /* BaseModel.swift */,
				7319D6402F39ABFD00F24B7D /* NetworkMonitor.swift */,
				7319D6522F39B4D500F24B7D /* NetworkManager.swift */,
			);
			path = Http;
			sourceTree = "<group>";
		};
		7319D6302F39A6C400F24B7D /* Login */ = {
			isa = PBXGroup;
			children = (
				7319D6582F39BFAF00F24B7D /* LoginView.swift */,
				7319D65C2F39C42100F24B7D /* LoginListView.swift */,
				7319D65E2F39C7A000F24B7D /* CodeListView.swift */,
				7319D6562F39BE1000F24B7D /* LoginViewController.swift */,
				7319D6422F39AE2E00F24B7D /* UserSessionManager.swift */,
			);
			path = Login;
			sourceTree = "<group>";
		};
		7319D6312F39A6C600F24B7D /* Home */ = {
			isa = PBXGroup;
			children = (
				736F5BB32F3A167500F5BC15 /* OneView.swift */,
				7319D6442F39AEE100F24B7D /* HomeViewController.swift */,
				736F5BB52F3A24E200F5BC15 /* CardListView.swift */,
				730D42842F3C34C1001E5D2F /* TwoView.swift */,
				730D42862F3C4A4C001E5D2F /* OneViewCell.swift */,
				730D42882F3C4A56001E5D2F /* TwoViewCell.swift */,
				730D428A2F3C4A61001E5D2F /* ThreeViewCell.swift */,
			);
			path = Home;
			sourceTree = "<group>";
		};
		7319D6322F39A6C800F24B7D /* Order */ = {
			isa = PBXGroup;
			children = (
				7319D6462F39AEE800F24B7D /* OrderViewController.swift */,
				730D42802F3C1A94001E5D2F /* OrderViewCell.swift */,
				730D42822F3C299D001E5D2F /* OrderListViewController.swift */,
			);
			path = Order;
			sourceTree = "<group>";
		};
		7319D6332F39A6D700F24B7D /* Center */ = {
			isa = PBXGroup;
			children = (
				736F5BAF2F3A119F00F5BC15 /* AppCancelView.swift */,
				7319D6602F39D33D00F24B7D /* CenterView.swift */,
				7319D6482F39AEF000F24B7D /* CenterViewController.swift */,
				7319D6622F39DA7D00F24B7D /* CenterViewCell.swift */,
				736F5BA92F3A082F00F5BC15 /* SettingViewController.swift */,
				736F5BAB2F3A0A9400F5BC15 /* AppHeadView.swift */,
				736F5BAD2F3A0EC000F5BC15 /* AppLogoutView.swift */,
				736F5BB12F3A146B00F5BC15 /* H5WebViewController.swift */,
			);
			path = Center;
			sourceTree = "<group>";
		};
		7319D6342F39A6DD00F24B7D /* Product */ = {
			isa = PBXGroup;
			children = (
				7363AAF92F3ADD6100E8002F /* View */,
				7363AAF82F3ADD5A00E8002F /* Conterller */,
			);
			path = Product;
			sourceTree = "<group>";
		};
		7319D6352F39A6E200F24B7D /* Common */ = {
			isa = PBXGroup;
			children = (
				73B8F6E82F3B7CD400409D13 /* ContactManager.swift */,
				736F5BA72F3A07B200F5BC15 /* DeepLinkTarget.swift */,
				7319D65A2F39C0D400F24B7D /* ToastManager.swift */,
				7319D6542F39BB3300F24B7D /* LoadingView.swift */,
				7319D64E2F39B29A00F24B7D /* DeviceInfoManager.swift */,
				7319D64C2F39B14D00F24B7D /* AppIdentifierManager.swift */,
			);
			path = Common;
			sourceTree = "<group>";
		};
		7363AAF82F3ADD5A00E8002F /* Conterller */ = {
			isa = PBXGroup;
			children = (
				7319D64A2F39AF0000F24B7D /* ProductStepListViewController.swift */,
				7363AAEE2F3ADA1D00E8002F /* BasicViewController.swift */,
				7363AAF62F3ADCFC00E8002F /* PersonalViewController.swift */,
				7363AB082F3B25CC00E8002F /* ConnectViewController.swift */,
				7363AB0A2F3B25ED00E8002F /* ToYouViewController.swift */,
			);
			path = Conterller;
			sourceTree = "<group>";
		};
		7363AAF92F3ADD6100E8002F /* View */ = {
			isa = PBXGroup;
			children = (
				7363AAFE2F3AF7AD00E8002F /* SystemCameraPicker.swift */,
				7363AAFA2F3ADD7A00E8002F /* BasicListView.swift */,
				736F5BBB2F3A2E7000F5BC15 /* ProductStepViewCell.swift */,
				7363AAFC2F3AF47600E8002F /* PopAlertFaceView.swift */,
				7363AB002F3AFD0100E8002F /* PopSaveInfoView.swift */,
				7363AB022F3B105700E8002F /* TapCell.swift */,
				7363AB042F3B106400E8002F /* EnterTextCell.swift */,
				7363AB062F3B1A9700E8002F /* PopEnmuView.swift */,
				7363AB0C2F3B272900E8002F /* ConnectViewCell.swift */,
			);
			path = View;
			sourceTree = "<group>";
		};
		E6EA0A233134FCDDD24AC62D /* Frameworks */ = {
			isa = PBXGroup;
			children = (
				0229E1368D454196FD70C185 /* Pods_PinjamanAman.framework */,
			);
			name = Frameworks;
			sourceTree = "<group>";
		};
		FC6ABEC17273B9D4EA1F7530 /* Pods */ = {
			isa = PBXGroup;
			children = (
				470B9E7212CEB147057F4865 /* Pods-PinjamanAman.debug.xcconfig */,
				77299401F1B7668CAE65FE5C /* Pods-PinjamanAman.release.xcconfig */,
			);
			path = Pods;
			sourceTree = "<group>";
		};
/* End PBXGroup section */

/* Begin PBXNativeTarget section */
		7319D6032F39A64000F24B7D /* PinjamanAman */ = {
			isa = PBXNativeTarget;
			buildConfigurationList = 7319D6172F39A64200F24B7D /* Build configuration list for PBXNativeTarget "PinjamanAman" */;
			buildPhases = (
				E607AB114F86865A9733032E /* [CP] Check Pods Manifest.lock */,
				7319D6002F39A64000F24B7D /* Sources */,
				7319D6012F39A64000F24B7D /* Frameworks */,
				7319D6022F39A64000F24B7D /* Resources */,
				C2B806A76FFE11D1FB9A155A /* [CP] Embed Pods Frameworks */,
			);
			buildRules = (
			);
			dependencies = (
			);
			name = PinjamanAman;
			productName = PinjamanAman;
			productReference = 7319D6042F39A64000F24B7D /* PinjamanAman.app */;
			productType = "com.apple.product-type.application";
		};
/* End PBXNativeTarget section */

/* Begin PBXProject section */
		7319D5FC2F39A64000F24B7D /* Project object */ = {
			isa = PBXProject;
			attributes = {
				BuildIndependentTargetsInParallel = 1;
				LastSwiftUpdateCheck = 2620;
				LastUpgradeCheck = 2620;
				TargetAttributes = {
					7319D6032F39A64000F24B7D = {
						CreatedOnToolsVersion = 26.2;
					};
				};
			};
			buildConfigurationList = 7319D5FF2F39A64000F24B7D /* Build configuration list for PBXProject "PinjamanAman" */;
			developmentRegion = en;
			hasScannedForEncodings = 0;
			knownRegions = (
				en,
				Base,
			);
			mainGroup = 7319D5FB2F39A64000F24B7D;
			minimizedProjectReferenceProxies = 1;
			preferredProjectObjectVersion = 77;
			productRefGroup = 7319D6052F39A64000F24B7D /* Products */;
			projectDirPath = "";
			projectRoot = "";
			targets = (
				7319D6032F39A64000F24B7D /* PinjamanAman */,
			);
		};
/* End PBXProject section */

/* Begin PBXResourcesBuildPhase section */
		7319D6022F39A64000F24B7D /* Resources */ = {
			isa = PBXResourcesBuildPhase;
			buildActionMask = 2147483647;
			files = (
				7319D6262F39A64600F24B7D /* Assets.xcassets in Resources */,
				7319D6282F39A64600F24B7D /* LaunchScreen.storyboard in Resources */,
			);
			runOnlyForDeploymentPostprocessing = 0;
		};
/* End PBXResourcesBuildPhase section */

/* Begin PBXShellScriptBuildPhase section */
		C2B806A76FFE11D1FB9A155A /* [CP] Embed Pods Frameworks */ = {
			isa = PBXShellScriptBuildPhase;
			buildActionMask = 2147483647;
			files = (
			);
			inputFileListPaths = (
				"${PODS_ROOT}/Target Support Files/Pods-PinjamanAman/Pods-PinjamanAman-frameworks-${CONFIGURATION}-input-files.xcfilelist",
			);
			inputPaths = (
			);
			name = "[CP] Embed Pods Frameworks";
			outputFileListPaths = (
				"${PODS_ROOT}/Target Support Files/Pods-PinjamanAman/Pods-PinjamanAman-frameworks-${CONFIGURATION}-output-files.xcfilelist",
			);
			outputPaths = (
			);
			runOnlyForDeploymentPostprocessing = 0;
			shellPath = /bin/sh;
			shellScript = "\"${PODS_ROOT}/Target Support Files/Pods-PinjamanAman/Pods-PinjamanAman-frameworks.sh\"\n";
			showEnvVarsInLog = 0;
		};
		E607AB114F86865A9733032E /* [CP] Check Pods Manifest.lock */ = {
			isa = PBXShellScriptBuildPhase;
			buildActionMask = 2147483647;
			files = (
			);
			inputFileListPaths = (
			);
			inputPaths = (
				"${PODS_PODFILE_DIR_PATH}/Podfile.lock",
				"${PODS_ROOT}/Manifest.lock",
			);
			name = "[CP] Check Pods Manifest.lock";
			outputFileListPaths = (
			);
			outputPaths = (
				"$(DERIVED_FILE_DIR)/Pods-PinjamanAman-checkManifestLockResult.txt",
			);
			runOnlyForDeploymentPostprocessing = 0;
			shellPath = /bin/sh;
			shellScript = "diff \"${PODS_PODFILE_DIR_PATH}/Podfile.lock\" \"${PODS_ROOT}/Manifest.lock\" > /dev/null\nif [ $? != 0 ] ; then\n    # print error to STDERR\n    echo \"error: The sandbox is not in sync with the Podfile.lock. Run 'pod install' or update your CocoaPods installation.\" >&2\n    exit 1\nfi\n# This output is used by Xcode 'outputs' to avoid re-running this script phase.\necho \"SUCCESS\" > \"${SCRIPT_OUTPUT_FILE_0}\"\n";
			showEnvVarsInLog = 0;
		};
/* End PBXShellScriptBuildPhase section */

/* Begin PBXSourcesBuildPhase section */
		7319D6002F39A64000F24B7D /* Sources */ = {
			isa = PBXSourcesBuildPhase;
			buildActionMask = 2147483647;
			files = (
				730D42852F3C34C1001E5D2F /* TwoView.swift in Sources */,
				730D42892F3C4A56001E5D2F /* TwoViewCell.swift in Sources */,
				7319D6572F39BE1000F24B7D /* LoginViewController.swift in Sources */,
				7363AB052F3B106400E8002F /* EnterTextCell.swift in Sources */,
				7319D64D2F39B14D00F24B7D /* AppIdentifierManager.swift in Sources */,
				7319D63B2F39A8A700F24B7D /* BaseTabBarController.swift in Sources */,
				736F5BAA2F3A082F00F5BC15 /* SettingViewController.swift in Sources */,
				736F5BBC2F3A2E7000F5BC15 /* ProductStepViewCell.swift in Sources */,
				7363AAFF2F3AF7AD00E8002F /* SystemCameraPicker.swift in Sources */,
				7319D6472F39AEE800F24B7D /* OrderViewController.swift in Sources */,
				7319D64B2F39AF0000F24B7D /* ProductStepListViewController.swift in Sources */,
				736F5BB22F3A146B00F5BC15 /* H5WebViewController.swift in Sources */,
				7319D6552F39BB3300F24B7D /* LoadingView.swift in Sources */,
				7319D6432F39AE2E00F24B7D /* UserSessionManager.swift in Sources */,
				736F5BB02F3A119F00F5BC15 /* AppCancelView.swift in Sources */,
				7319D63F2F39AB7A00F24B7D /* LaunchViewController.swift in Sources */,
				7319D6392F39A89300F24B7D /* BaseView.swift in Sources */,
				730D428B2F3C4A61001E5D2F /* ThreeViewCell.swift in Sources */,
				7319D62A2F39A64600F24B7D /* AppDelegate.swift in Sources */,
				736F5BB42F3A167900F5BC15 /* OneView.swift in Sources */,
				7319D65F2F39C7A000F24B7D /* CodeListView.swift in Sources */,
				7319D6632F39DA7D00F24B7D /* CenterViewCell.swift in Sources */,
				7363AAEF2F3ADA1D00E8002F /* BasicViewController.swift in Sources */,
				7363AAFD2F3AF47600E8002F /* PopAlertFaceView.swift in Sources */,
				7319D6452F39AEE100F24B7D /* HomeViewController.swift in Sources */,
				7319D6512F39B47800F24B7D /* BaseModel.swift in Sources */,
				7319D65D2F39C42100F24B7D /* LoginListView.swift in Sources */,
				730D42872F3C4A4C001E5D2F /* OneViewCell.swift in Sources */,
				736F5BAE2F3A0EC000F5BC15 /* AppLogoutView.swift in Sources */,
				73B8F6E92F3B7CD400409D13 /* ContactManager.swift in Sources */,
				7319D63D2F39A8BD00F24B7D /* BaseNavigationController.swift in Sources */,
				7363AB012F3AFD0100E8002F /* PopSaveInfoView.swift in Sources */,
				7363AB072F3B1A9700E8002F /* PopEnmuView.swift in Sources */,
				7363AAFB2F3ADD7A00E8002F /* BasicListView.swift in Sources */,
				7319D6492F39AEF000F24B7D /* CenterViewController.swift in Sources */,
				730D42832F3C299D001E5D2F /* OrderListViewController.swift in Sources */,
				7319D6372F39A88800F24B7D /* BaseViewController.swift in Sources */,
				730D42812F3C1A94001E5D2F /* OrderViewCell.swift in Sources */,
				7363AB032F3B105700E8002F /* TapCell.swift in Sources */,
				7319D65B2F39C0D400F24B7D /* ToastManager.swift in Sources */,
				7319D6612F39D33D00F24B7D /* CenterView.swift in Sources */,
				7319D6532F39B4D500F24B7D /* NetworkManager.swift in Sources */,
				7363AB0B2F3B25ED00E8002F /* ToYouViewController.swift in Sources */,
				736F5BA82F3A07B200F5BC15 /* DeepLinkTarget.swift in Sources */,
				7319D6592F39BFAF00F24B7D /* LoginView.swift in Sources */,
				7319D6412F39ABFD00F24B7D /* NetworkMonitor.swift in Sources */,
				7363AAF72F3ADCFC00E8002F /* PersonalViewController.swift in Sources */,
				736F5BAC2F3A0A9400F5BC15 /* AppHeadView.swift in Sources */,
				7363AB0D2F3B272900E8002F /* ConnectViewCell.swift in Sources */,
				7363AB092F3B25CC00E8002F /* ConnectViewController.swift in Sources */,
				736F5BB62F3A24E200F5BC15 /* CardListView.swift in Sources */,
				7319D64F2F39B29A00F24B7D /* DeviceInfoManager.swift in Sources */,
			);
			runOnlyForDeploymentPostprocessing = 0;
		};
/* End PBXSourcesBuildPhase section */

/* Begin PBXVariantGroup section */
		7319D6202F39A64600F24B7D /* LaunchScreen.storyboard */ = {
			isa = PBXVariantGroup;
			children = (
				7319D61F2F39A64600F24B7D /* Base */,
			);
			name = LaunchScreen.storyboard;
			sourceTree = "<group>";
		};
/* End PBXVariantGroup section */

/* Begin XCBuildConfiguration section */
		7319D6182F39A64200F24B7D /* Debug */ = {
			isa = XCBuildConfiguration;
			baseConfigurationReference = 470B9E7212CEB147057F4865 /* Pods-PinjamanAman.debug.xcconfig */;
			buildSettings = {
				ASSETCATALOG_COMPILER_APPICON_NAME = AppIcon;
				ASSETCATALOG_COMPILER_GLOBAL_ACCENT_COLOR_NAME = AccentColor;
				CODE_SIGN_ENTITLEMENTS = PinjamanAman/PinjamanAman.entitlements;
				CODE_SIGN_STYLE = Automatic;
				CURRENT_PROJECT_VERSION = 1;
				DEVELOPMENT_TEAM = 57MBH2272N;
				ENABLE_USER_SCRIPT_SANDBOXING = NO;
				GENERATE_INFOPLIST_FILE = YES;
				INFOPLIST_FILE = PinjamanAman/Info.plist;
				INFOPLIST_KEY_CFBundleDisplayName = "Pinjaman Aman";
				INFOPLIST_KEY_UIApplicationSupportsIndirectInputEvents = YES;
				INFOPLIST_KEY_UILaunchStoryboardName = LaunchScreen;
				INFOPLIST_KEY_UISupportedInterfaceOrientations = UIInterfaceOrientationPortrait;
				INFOPLIST_KEY_UISupportedInterfaceOrientations_iPad = "UIInterfaceOrientationLandscapeLeft UIInterfaceOrientationLandscapeRight UIInterfaceOrientationPortrait UIInterfaceOrientationPortraitUpsideDown";
				IPHONEOS_DEPLOYMENT_TARGET = 14.0;
				LD_RUNPATH_SEARCH_PATHS = (
					"$(inherited)",
					"@executable_path/Frameworks",
				);
				MARKETING_VERSION = 1.0.0;
				PRODUCT_BUNDLE_IDENTIFIER = ok.zoom.loan;
				PRODUCT_NAME = "$(TARGET_NAME)";
				STRING_CATALOG_GENERATE_SYMBOLS = YES;
				SUPPORTED_PLATFORMS = "iphoneos iphonesimulator";
				SUPPORTS_MACCATALYST = NO;
				SUPPORTS_MAC_DESIGNED_FOR_IPHONE_IPAD = NO;
				SUPPORTS_XR_DESIGNED_FOR_IPHONE_IPAD = NO;
				SWIFT_APPROACHABLE_CONCURRENCY = YES;
				SWIFT_DEFAULT_ACTOR_ISOLATION = MainActor;
				SWIFT_EMIT_LOC_STRINGS = YES;
				SWIFT_UPCOMING_FEATURE_MEMBER_IMPORT_VISIBILITY = YES;
				SWIFT_VERSION = 5.0;
				TARGETED_DEVICE_FAMILY = 1;
			};
			name = Debug;
		};
		7319D6192F39A64200F24B7D /* Release */ = {
			isa = XCBuildConfiguration;
			baseConfigurationReference = 77299401F1B7668CAE65FE5C /* Pods-PinjamanAman.release.xcconfig */;
			buildSettings = {
				ASSETCATALOG_COMPILER_APPICON_NAME = AppIcon;
				ASSETCATALOG_COMPILER_GLOBAL_ACCENT_COLOR_NAME = AccentColor;
				CODE_SIGN_ENTITLEMENTS = PinjamanAman/PinjamanAman.entitlements;
				CODE_SIGN_STYLE = Automatic;
				CURRENT_PROJECT_VERSION = 1;
				DEVELOPMENT_TEAM = 57MBH2272N;
				ENABLE_USER_SCRIPT_SANDBOXING = NO;
				GENERATE_INFOPLIST_FILE = YES;
				INFOPLIST_FILE = PinjamanAman/Info.plist;
				INFOPLIST_KEY_CFBundleDisplayName = "Pinjaman Aman";
				INFOPLIST_KEY_UIApplicationSupportsIndirectInputEvents = YES;
				INFOPLIST_KEY_UILaunchStoryboardName = LaunchScreen;
				INFOPLIST_KEY_UISupportedInterfaceOrientations = UIInterfaceOrientationPortrait;
				INFOPLIST_KEY_UISupportedInterfaceOrientations_iPad = "UIInterfaceOrientationLandscapeLeft UIInterfaceOrientationLandscapeRight UIInterfaceOrientationPortrait UIInterfaceOrientationPortraitUpsideDown";
				IPHONEOS_DEPLOYMENT_TARGET = 14.0;
				LD_RUNPATH_SEARCH_PATHS = (
					"$(inherited)",
					"@executable_path/Frameworks",
				);
				MARKETING_VERSION = 1.0.0;
				PRODUCT_BUNDLE_IDENTIFIER = ok.zoom.loan;
				PRODUCT_NAME = "$(TARGET_NAME)";
				STRING_CATALOG_GENERATE_SYMBOLS = YES;
				SUPPORTED_PLATFORMS = "iphoneos iphonesimulator";
				SUPPORTS_MACCATALYST = NO;
				SUPPORTS_MAC_DESIGNED_FOR_IPHONE_IPAD = NO;
				SUPPORTS_XR_DESIGNED_FOR_IPHONE_IPAD = NO;
				SWIFT_APPROACHABLE_CONCURRENCY = YES;
				SWIFT_DEFAULT_ACTOR_ISOLATION = MainActor;
				SWIFT_EMIT_LOC_STRINGS = YES;
				SWIFT_UPCOMING_FEATURE_MEMBER_IMPORT_VISIBILITY = YES;
				SWIFT_VERSION = 5.0;
				TARGETED_DEVICE_FAMILY = 1;
			};
			name = Release;
		};
		7319D61A2F39A64200F24B7D /* Debug */ = {
			isa = XCBuildConfiguration;
			buildSettings = {
				ALWAYS_SEARCH_USER_PATHS = NO;
				ASSETCATALOG_COMPILER_GENERATE_SWIFT_ASSET_SYMBOL_EXTENSIONS = YES;
				CLANG_ANALYZER_NONNULL = YES;
				CLANG_ANALYZER_NUMBER_OBJECT_CONVERSION = YES_AGGRESSIVE;
				CLANG_CXX_LANGUAGE_STANDARD = "gnu++20";
				CLANG_ENABLE_MODULES = YES;
				CLANG_ENABLE_OBJC_ARC = YES;
				CLANG_ENABLE_OBJC_WEAK = YES;
				CLANG_WARN_BLOCK_CAPTURE_AUTORELEASING = YES;
				CLANG_WARN_BOOL_CONVERSION = YES;
				CLANG_WARN_COMMA = YES;
				CLANG_WARN_CONSTANT_CONVERSION = YES;
				CLANG_WARN_DEPRECATED_OBJC_IMPLEMENTATIONS = YES;
				CLANG_WARN_DIRECT_OBJC_ISA_USAGE = YES_ERROR;
				CLANG_WARN_DOCUMENTATION_COMMENTS = YES;
				CLANG_WARN_EMPTY_BODY = YES;
				CLANG_WARN_ENUM_CONVERSION = YES;
				CLANG_WARN_INFINITE_RECURSION = YES;
				CLANG_WARN_INT_CONVERSION = YES;
				CLANG_WARN_NON_LITERAL_NULL_CONVERSION = YES;
				CLANG_WARN_OBJC_IMPLICIT_RETAIN_SELF = YES;
				CLANG_WARN_OBJC_LITERAL_CONVERSION = YES;
				CLANG_WARN_OBJC_ROOT_CLASS = YES_ERROR;
				CLANG_WARN_QUOTED_INCLUDE_IN_FRAMEWORK_HEADER = YES;
				CLANG_WARN_RANGE_LOOP_ANALYSIS = YES;
				CLANG_WARN_STRICT_PROTOTYPES = YES;
				CLANG_WARN_SUSPICIOUS_MOVE = YES;
				CLANG_WARN_UNGUARDED_AVAILABILITY = YES_AGGRESSIVE;
				CLANG_WARN_UNREACHABLE_CODE = YES;
				CLANG_WARN__DUPLICATE_METHOD_MATCH = YES;
				COPY_PHASE_STRIP = NO;
				DEBUG_INFORMATION_FORMAT = dwarf;
				ENABLE_STRICT_OBJC_MSGSEND = YES;
				ENABLE_TESTABILITY = YES;
				ENABLE_USER_SCRIPT_SANDBOXING = YES;
				GCC_C_LANGUAGE_STANDARD = gnu17;
				GCC_DYNAMIC_NO_PIC = NO;
				GCC_NO_COMMON_BLOCKS = YES;
				GCC_OPTIMIZATION_LEVEL = 0;
				GCC_PREPROCESSOR_DEFINITIONS = (
					"DEBUG=1",
					"$(inherited)",
				);
				GCC_WARN_64_TO_32_BIT_CONVERSION = YES;
				GCC_WARN_ABOUT_RETURN_TYPE = YES_ERROR;
				GCC_WARN_UNDECLARED_SELECTOR = YES;
				GCC_WARN_UNINITIALIZED_AUTOS = YES_AGGRESSIVE;
				GCC_WARN_UNUSED_FUNCTION = YES;
				GCC_WARN_UNUSED_VARIABLE = YES;
				IPHONEOS_DEPLOYMENT_TARGET = 26.2;
				LOCALIZATION_PREFERS_STRING_CATALOGS = YES;
				MTL_ENABLE_DEBUG_INFO = INCLUDE_SOURCE;
				MTL_FAST_MATH = YES;
				ONLY_ACTIVE_ARCH = YES;
				SDKROOT = iphoneos;
				SWIFT_ACTIVE_COMPILATION_CONDITIONS = "DEBUG $(inherited)";
				SWIFT_OPTIMIZATION_LEVEL = "-Onone";
			};
			name = Debug;
		};
		7319D61B2F39A64200F24B7D /* Release */ = {
			isa = XCBuildConfiguration;
			buildSettings = {
				ALWAYS_SEARCH_USER_PATHS = NO;
				ASSETCATALOG_COMPILER_GENERATE_SWIFT_ASSET_SYMBOL_EXTENSIONS = YES;
				CLANG_ANALYZER_NONNULL = YES;
				CLANG_ANALYZER_NUMBER_OBJECT_CONVERSION = YES_AGGRESSIVE;
				CLANG_CXX_LANGUAGE_STANDARD = "gnu++20";
				CLANG_ENABLE_MODULES = YES;
				CLANG_ENABLE_OBJC_ARC = YES;
				CLANG_ENABLE_OBJC_WEAK = YES;
				CLANG_WARN_BLOCK_CAPTURE_AUTORELEASING = YES;
				CLANG_WARN_BOOL_CONVERSION = YES;
				CLANG_WARN_COMMA = YES;
				CLANG_WARN_CONSTANT_CONVERSION = YES;
				CLANG_WARN_DEPRECATED_OBJC_IMPLEMENTATIONS = YES;
				CLANG_WARN_DIRECT_OBJC_ISA_USAGE = YES_ERROR;
				CLANG_WARN_DOCUMENTATION_COMMENTS = YES;
				CLANG_WARN_EMPTY_BODY = YES;
				CLANG_WARN_ENUM_CONVERSION = YES;
				CLANG_WARN_INFINITE_RECURSION = YES;
				CLANG_WARN_INT_CONVERSION = YES;
				CLANG_WARN_NON_LITERAL_NULL_CONVERSION = YES;
				CLANG_WARN_OBJC_IMPLICIT_RETAIN_SELF = YES;
				CLANG_WARN_OBJC_LITERAL_CONVERSION = YES;
				CLANG_WARN_OBJC_ROOT_CLASS = YES_ERROR;
				CLANG_WARN_QUOTED_INCLUDE_IN_FRAMEWORK_HEADER = YES;
				CLANG_WARN_RANGE_LOOP_ANALYSIS = YES;
				CLANG_WARN_STRICT_PROTOTYPES = YES;
				CLANG_WARN_SUSPICIOUS_MOVE = YES;
				CLANG_WARN_UNGUARDED_AVAILABILITY = YES_AGGRESSIVE;
				CLANG_WARN_UNREACHABLE_CODE = YES;
				CLANG_WARN__DUPLICATE_METHOD_MATCH = YES;
				COPY_PHASE_STRIP = NO;
				DEBUG_INFORMATION_FORMAT = "dwarf-with-dsym";
				ENABLE_NS_ASSERTIONS = NO;
				ENABLE_STRICT_OBJC_MSGSEND = YES;
				ENABLE_USER_SCRIPT_SANDBOXING = YES;
				GCC_C_LANGUAGE_STANDARD = gnu17;
				GCC_NO_COMMON_BLOCKS = YES;
				GCC_WARN_64_TO_32_BIT_CONVERSION = YES;
				GCC_WARN_ABOUT_RETURN_TYPE = YES_ERROR;
				GCC_WARN_UNDECLARED_SELECTOR = YES;
				GCC_WARN_UNINITIALIZED_AUTOS = YES_AGGRESSIVE;
				GCC_WARN_UNUSED_FUNCTION = YES;
				GCC_WARN_UNUSED_VARIABLE = YES;
				IPHONEOS_DEPLOYMENT_TARGET = 26.2;
				LOCALIZATION_PREFERS_STRING_CATALOGS = YES;
				MTL_ENABLE_DEBUG_INFO = NO;
				MTL_FAST_MATH = YES;
				SDKROOT = iphoneos;
				SWIFT_COMPILATION_MODE = wholemodule;
				VALIDATE_PRODUCT = YES;
			};
			name = Release;
		};
/* End XCBuildConfiguration section */

/* Begin XCConfigurationList section */
		7319D5FF2F39A64000F24B7D /* Build configuration list for PBXProject "PinjamanAman" */ = {
			isa = XCConfigurationList;
			buildConfigurations = (
				7319D61A2F39A64200F24B7D /* Debug */,
				7319D61B2F39A64200F24B7D /* Release */,
			);
			defaultConfigurationIsVisible = 0;
			defaultConfigurationName = Release;
		};
		7319D6172F39A64200F24B7D /* Build configuration list for PBXNativeTarget "PinjamanAman" */ = {
			isa = XCConfigurationList;
			buildConfigurations = (
				7319D6182F39A64200F24B7D /* Debug */,
				7319D6192F39A64200F24B7D /* Release */,
			);
			defaultConfigurationIsVisible = 0;
			defaultConfigurationName = Release;
		};
/* End XCConfigurationList section */
	};
	rootObject = 7319D5FC2F39A64000F24B7D /* Project object */;
}
